
Microsoft Visual Studio Solution File, Format Version 12.00
# Visual Studio Version 16
VisualStudioVersion = 16.0.30114.105
MinimumVisualStudioVersion = 10.0.40219.1
Project("{FAE04EC0-301F-11D3-BF4B-00C04F79EFBC}") = "Server async", "Server async\Server async.csproj", "{2136C4C7-241B-4098-A257-E1C5F93F8596}"
EndProject
Global
	GlobalSection(SolutionConfigurationPlatforms) = preSolution
		Debug|Any CPU = Debug|Any CPU
		Release|Any CPU = Release|Any CPU
	EndGlobalSection
	GlobalSection(ProjectConfigurationPlatforms) = postSolution
		{2136C4C7-241B-4098-A257-E1C5F93F8596}.Debug|Any CPU.ActiveCfg = Debug|Any CPU
		{2136C4C7-241B-4098-A257-E1C5F93F8596}.Debug|Any CPU.Build.0 = Debug|Any CPU
		{2136C4C7-241B-4098-A257-E1C5F93F8596}.Release|Any CPU.ActiveCfg = Release|Any CPU
		{2136C4C7-241B-4098-A257-E1C5F93F8596}.Release|Any CPU.Build.0 = Release|Any CPU
	EndGlobalSection
	GlobalSection(SolutionProperties) = preSolution
		HideSolutionNode = FALSE
	EndGlobalSection
	GlobalSection(ExtensibilityGlobals) = postSolution
		SolutionGuid = {5ED18A06-8EBB-49B7-89B6-8422B773163E}
	EndGlobalSection
EndGlobal
